
Microsoft Visual Studio Solution File, Format Version 12.00
# Visual Studio Version 16
VisualStudioVersion = 16.0.30804.86
MinimumVisualStudioVersion = 10.0.40219.1
Project("{FAE04EC0-301F-11D3-BF4B-00C04F79EFBC}") = "DynamicControlTest", "DynamicControlTest\DynamicControlTest.csproj", "{EE0555DA-7DB0-40BD-8E26-64D8415BC722}"
EndProject
Global
	GlobalSection(SolutionConfigurationPlatforms) = preSolution
		Debug|Any CPU = Debug|Any CPU
		Release|Any CPU = Release|Any CPU
	EndGlobalSection
	GlobalSection(ProjectConfigurationPlatforms) = postSolution
		{EE0555DA-7DB0-40BD-8E26-64D8415BC722}.Debug|Any CPU.ActiveCfg = Debug|Any CPU
		{EE0555DA-7DB0-40BD-8E26-64D8415BC722}.Debug|Any CPU.Build.0 = Debug|Any CPU
		{EE0555DA-7DB0-40BD-8E26-64D8415BC722}.Release|Any CPU.ActiveCfg = Release|Any CPU
		{EE0555DA-7DB0-40BD-8E26-64D8415BC722}.Release|Any CPU.Build.0 = Release|Any CPU
	EndGlobalSection
	GlobalSection(SolutionProperties) = preSolution
		HideSolutionNode = FALSE
	EndGlobalSection
	GlobalSection(ExtensibilityGlobals) = postSolution
		SolutionGuid = {434EFC78-BD94-44DC-A51D-1281F2FC3169}
	EndGlobalSection
EndGlobal
